
Microsoft Visual Studio Solution File, Format Version 12.00
# Visual Studio Version 16
VisualStudioVersion = 16.0.31205.134
MinimumVisualStudioVersion = 10.0.40219.1
Project("{FAE04EC0-301F-11D3-BF4B-00C04F79EFBC}") = "projet_dot_net", "projet_dot_net.csproj", "{EB037705-A7A8-4837-9DB6-FD8F5DE23DE0}"
EndProject
Global
	GlobalSection(SolutionConfigurationPlatforms) = preSolution
		Debug|Any CPU = Debug|Any CPU
		Release|Any CPU = Release|Any CPU
	EndGlobalSection
	GlobalSection(ProjectConfigurationPlatforms) = postSolution
		{EB037705-A7A8-4837-9DB6-FD8F5DE23DE0}.Debug|Any CPU.ActiveCfg = Debug|Any CPU
		{EB037705-A7A8-4837-9DB6-FD8F5DE23DE0}.Debug|Any CPU.Build.0 = Debug|Any CPU
		{EB037705-A7A8-4837-9DB6-FD8F5DE23DE0}.Release|Any CPU.ActiveCfg = Release|Any CPU
		{EB037705-A7A8-4837-9DB6-FD8F5DE23DE0}.Release|Any CPU.Build.0 = Release|Any CPU
	EndGlobalSection
	GlobalSection(SolutionProperties) = preSolution
		HideSolutionNode = FALSE
	EndGlobalSection
	GlobalSection(ExtensibilityGlobals) = postSolution
		SolutionGuid = {E1E948DE-5D1E-4E98-B2A5-20DBDD5A072F}
	EndGlobalSection
EndGlobal
